// !$*UTF8*$!
{
	archiveVersion = 1;
	classes = {
	};
	objectVersion = 50;
	objects = {

/* Begin PBXBuildFile section */
		2E2D752E20F243EB00484C26 /* MNStepView.m in Sources */ = {isa = PBXBuildFile; fileRef = 2E2D752D20F243EB00484C26 /* MNStepView.m */; };
		2E618CBA20F1C7AA00C9E555 /* MNPageView.m in Sources */ = {isa = PBXBuildFile; fileRef = 2E618CB920F1C7AA00C9E555 /* MNPageView.m */; };
		2E618CC020F1C94C00C9E555 /* MNSegmentView.m in Sources */ = {isa = PBXBuildFile; fileRef = 2E618CBE20F1C94C00C9E555 /* MNSegmentView.m */; };
		2E618CC120F1C94C00C9E555 /* MNSegmentViewCell.m in Sources */ = {isa = PBXBuildFile; fileRef = 2E618CBF20F1C94C00C9E555 /* MNSegmentViewCell.m */; };
		2E618CC420F1CEFA00C9E555 /* UIScrollView+MNPageExtend.m in Sources */ = {isa = PBXBuildFile; fileRef = 2E618CC320F1CEFA00C9E555 /* UIScrollView+MNPageExtend.m */; };
		2E618CC720F1D6D600C9E555 /* UIViewController+MNPageExtend.m in Sources */ = {isa = PBXBuildFile; fileRef = 2E618CC620F1D6D600C9E555 /* UIViewController+MNPageExtend.m */; };
		2E618CCD20F1F7D200C9E555 /* MNTransparentNavigationBar.m in Sources */ = {isa = PBXBuildFile; fileRef = 2E618CCA20F1F7D100C9E555 /* MNTransparentNavigationBar.m */; };
		2E618CCE20F1F7D200C9E555 /* MNTransparentBarButtonItem.m in Sources */ = {isa = PBXBuildFile; fileRef = 2E618CCB20F1F7D100C9E555 /* MNTransparentBarButtonItem.m */; };
		2E72F57120F1863200892AF4 /* AppDelegate.m in Sources */ = {isa = PBXBuildFile; fileRef = 2E72F57020F1863200892AF4 /* AppDelegate.m */; };
		2E72F57720F1863200892AF4 /* Main.storyboard in Resources */ = {isa = PBXBuildFile; fileRef = 2E72F57520F1863200892AF4 /* Main.storyboard */; };
		2E72F57920F1863300892AF4 /* Assets.xcassets in Resources */ = {isa = PBXBuildFile; fileRef = 2E72F57820F1863300892AF4 /* Assets.xcassets */; };
		2E72F57C20F1863300892AF4 /* LaunchScreen.storyboard in Resources */ = {isa = PBXBuildFile; fileRef = 2E72F57A20F1863300892AF4 /* LaunchScreen.storyboard */; };
		2E72F57F20F1863400892AF4 /* main.m in Sources */ = {isa = PBXBuildFile; fileRef = 2E72F57E20F1863400892AF4 /* main.m */; };
		2E72F58920F1863400892AF4 /* CarTestDemoTests.m in Sources */ = {isa = PBXBuildFile; fileRef = 2E72F58820F1863400892AF4 /* CarTestDemoTests.m */; };
		2E72F59420F1863400892AF4 /* CarTestDemoUITests.m in Sources */ = {isa = PBXBuildFile; fileRef = 2E72F59320F1863400892AF4 /* CarTestDemoUITests.m */; };
		2E72F5B720F186B700892AF4 /* MNPageViewController.m in Sources */ = {isa = PBXBuildFile; fileRef = 2E72F5B620F186B700892AF4 /* MNPageViewController.m */; };
		2E72F5C320F18AEF00892AF4 /* MNPageScrollView.m in Sources */ = {isa = PBXBuildFile; fileRef = 2E72F5C220F18AEF00892AF4 /* MNPageScrollView.m */; };
		2E72F5CE20F1A4D100892AF4 /* ViewController.m in Sources */ = {isa = PBXBuildFile; fileRef = 2E72F5CD20F1A4D100892AF4 /* ViewController.m */; };
		2E72F5D220F1A59000892AF4 /* MNNestTableView.m in Sources */ = {isa = PBXBuildFile; fileRef = 2E72F5D120F1A59000892AF4 /* MNNestTableView.m */; };
		2E72F5D520F1A59A00892AF4 /* MNAllowGestureEventPassTableView.m in Sources */ = {isa = PBXBuildFile; fileRef = 2E72F5D320F1A59A00892AF4 /* MNAllowGestureEventPassTableView.m */; };
		2E72F5D820F1A68B00892AF4 /* barbuttonicon_back@2x.png in Resources */ = {isa = PBXBuildFile; fileRef = 2E72F5D720F1A68B00892AF4 /* barbuttonicon_back@2x.png */; };
		2E72F5DB20F1B05100892AF4 /* MNBusinessAuditViewController.m in Sources */ = {isa = PBXBuildFile; fileRef = 2E72F5DA20F1B05100892AF4 /* MNBusinessAuditViewController.m */; };
		2E72F5DE20F1B28200892AF4 /* MNSubPageViewController.m in Sources */ = {isa = PBXBuildFile; fileRef = 2E72F5DD20F1B28200892AF4 /* MNSubPageViewController.m */; };
		2E72F5E420F1BA6900892AF4 /* VCTwo.m in Sources */ = {isa = PBXBuildFile; fileRef = 2E72F5E320F1BA6900892AF4 /* VCTwo.m */; };
		2E72F5E720F1BA9000892AF4 /* VCOne.m in Sources */ = {isa = PBXBuildFile; fileRef = 2E72F5E620F1BA9000892AF4 /* VCOne.m */; };
		2E72F5ED20F1BAB900892AF4 /* VCThree.m in Sources */ = {isa = PBXBuildFile; fileRef = 2E72F5EC20F1BAB900892AF4 /* VCThree.m */; };
/* End PBXBuildFile section */

/* Begin PBXContainerItemProxy section */
		2E72F58520F1863400892AF4 /* PBXContainerItemProxy */ = {
			isa = PBXContainerItemProxy;
			containerPortal = 2E72F56420F1863200892AF4 /* Project object */;
			proxyType = 1;
			remoteGlobalIDString = 2E72F56B20F1863200892AF4;
			remoteInfo = CarTestDemo;
		};
		2E72F59020F1863400892AF4 /* PBXContainerItemProxy */ = {
			isa = PBXContainerItemProxy;
			containerPortal = 2E72F56420F1863200892AF4 /* Project object */;
			proxyType = 1;
			remoteGlobalIDString = 2E72F56B20F1863200892AF4;
			remoteInfo = CarTestDemo;
		};
/* End PBXContainerItemProxy section */

/* Begin PBXFileReference section */
		2E2D752C20F243EB00484C26 /* MNStepView.h */ = {isa = PBXFileReference; fileEncoding = 4; lastKnownFileType = sourcecode.c.h; path = MNStepView.h; sourceTree = "<group>"; };
		2E2D752D20F243EB00484C26 /* MNStepView.m */ = {isa = PBXFileReference; fileEncoding = 4; lastKnownFileType = sourcecode.c.objc; path = MNStepView.m; sourceTree = "<group>"; };
		2E618CB820F1C7A900C9E555 /* MNPageView.h */ = {isa = PBXFileReference; fileEncoding = 4; lastKnownFileType = sourcecode.c.h; path = MNPageView.h; sourceTree = "<group>"; };
		2E618CB920F1C7AA00C9E555 /* MNPageView.m */ = {isa = PBXFileReference; fileEncoding = 4; lastKnownFileType = sourcecode.c.objc; path = MNPageView.m; sourceTree = "<group>"; };
		2E618CBC20F1C94C00C9E555 /* MNSegmentView.h */ = {isa = PBXFileReference; fileEncoding = 4; lastKnownFileType = sourcecode.c.h; path = MNSegmentView.h; sourceTree = "<group>"; };
		2E618CBD20F1C94C00C9E555 /* MNSegmentViewCell.h */ = {isa = PBXFileReference; fileEncoding = 4; lastKnownFileType = sourcecode.c.h; path = MNSegmentViewCell.h; sourceTree = "<group>"; };
		2E618CBE20F1C94C00C9E555 /* MNSegmentView.m */ = {isa = PBXFileReference; fileEncoding = 4; lastKnownFileType = sourcecode.c.objc; path = MNSegmentView.m; sourceTree = "<group>"; };
		2E618CBF20F1C94C00C9E555 /* MNSegmentViewCell.m */ = {isa = PBXFileReference; fileEncoding = 4; lastKnownFileType = sourcecode.c.objc; path = MNSegmentViewCell.m; sourceTree = "<group>"; };
		2E618CC220F1CEFA00C9E555 /* UIScrollView+MNPageExtend.h */ = {isa = PBXFileReference; lastKnownFileType = sourcecode.c.h; path = "UIScrollView+MNPageExtend.h"; sourceTree = "<group>"; };
		2E618CC320F1CEFA00C9E555 /* UIScrollView+MNPageExtend.m */ = {isa = PBXFileReference; lastKnownFileType = sourcecode.c.objc; path = "UIScrollView+MNPageExtend.m"; sourceTree = "<group>"; };
		2E618CC520F1D6D600C9E555 /* UIViewController+MNPageExtend.h */ = {isa = PBXFileReference; lastKnownFileType = sourcecode.c.h; path = "UIViewController+MNPageExtend.h"; sourceTree = "<group>"; };
		2E618CC620F1D6D600C9E555 /* UIViewController+MNPageExtend.m */ = {isa = PBXFileReference; lastKnownFileType = sourcecode.c.objc; path = "UIViewController+MNPageExtend.m"; sourceTree = "<group>"; };
		2E618CC920F1F7D100C9E555 /* MNTransparentBarButtonItem.h */ = {isa = PBXFileReference; fileEncoding = 4; lastKnownFileType = sourcecode.c.h; path = MNTransparentBarButtonItem.h; sourceTree = "<group>"; };
		2E618CCA20F1F7D100C9E555 /* MNTransparentNavigationBar.m */ = {isa = PBXFileReference; fileEncoding = 4; lastKnownFileType = sourcecode.c.objc; path = MNTransparentNavigationBar.m; sourceTree = "<group>"; };
		2E618CCB20F1F7D100C9E555 /* MNTransparentBarButtonItem.m */ = {isa = PBXFileReference; fileEncoding = 4; lastKnownFileType = sourcecode.c.objc; path = MNTransparentBarButtonItem.m; sourceTree = "<group>"; };
		2E618CCC20F1F7D100C9E555 /* MNTransparentNavigationBar.h */ = {isa = PBXFileReference; fileEncoding = 4; lastKnownFileType = sourcecode.c.h; path = MNTransparentNavigationBar.h; sourceTree = "<group>"; };
		2E72F56C20F1863200892AF4 /* CarTestDemo.app */ = {isa = PBXFileReference; explicitFileType = wrapper.application; includeInIndex = 0; path = CarTestDemo.app; sourceTree = BUILT_PRODUCTS_DIR; };
		2E72F56F20F1863200892AF4 /* AppDelegate.h */ = {isa = PBXFileReference; lastKnownFileType = sourcecode.c.h; path = AppDelegate.h; sourceTree = "<group>"; };
		2E72F57020F1863200892AF4 /* AppDelegate.m */ = {isa = PBXFileReference; lastKnownFileType = sourcecode.c.objc; path = AppDelegate.m; sourceTree = "<group>"; };
		2E72F57220F1863200892AF4 /* ViewController.h */ = {isa = PBXFileReference; lastKnownFileType = sourcecode.c.h; path = ViewController.h; sourceTree = "<group>"; };
		2E72F57620F1863200892AF4 /* Base */ = {isa = PBXFileReference; lastKnownFileType = file.storyboard; name = Base; path = Base.lproj/Main.storyboard; sourceTree = "<group>"; };
		2E72F57820F1863300892AF4 /* Assets.xcassets */ = {isa = PBXFileReference; lastKnownFileType = folder.assetcatalog; path = Assets.xcassets; sourceTree = "<group>"; };
		2E72F57B20F1863300892AF4 /* Base */ = {isa = PBXFileReference; lastKnownFileType = file.storyboard; name = Base; path = Base.lproj/LaunchScreen.storyboard; sourceTree = "<group>"; };
		2E72F57D20F1863300892AF4 /* Info.plist */ = {isa = PBXFileReference; lastKnownFileType = text.plist.xml; path = Info.plist; sourceTree = "<group>"; };
		2E72F57E20F1863400892AF4 /* main.m */ = {isa = PBXFileReference; lastKnownFileType = sourcecode.c.objc; path = main.m; sourceTree = "<group>"; };
		2E72F58420F1863400892AF4 /* CarTestDemoTests.xctest */ = {isa = PBXFileReference; explicitFileType = wrapper.cfbundle; includeInIndex = 0; path = CarTestDemoTests.xctest; sourceTree = BUILT_PRODUCTS_DIR; };
		2E72F58820F1863400892AF4 /* CarTestDemoTests.m */ = {isa = PBXFileReference; lastKnownFileType = sourcecode.c.objc; path = CarTestDemoTests.m; sourceTree = "<group>"; };
		2E72F58A20F1863400892AF4 /* Info.plist */ = {isa = PBXFileReference; lastKnownFileType = text.plist.xml; path = Info.plist; sourceTree = "<group>"; };
		2E72F58F20F1863400892AF4 /* CarTestDemoUITests.xctest */ = {isa = PBXFileReference; explicitFileType = wrapper.cfbundle; includeInIndex = 0; path = CarTestDemoUITests.xctest; sourceTree = BUILT_PRODUCTS_DIR; };
		2E72F59320F1863400892AF4 /* CarTestDemoUITests.m */ = {isa = PBXFileReference; lastKnownFileType = sourcecode.c.objc; path = CarTestDemoUITests.m; sourceTree = "<group>"; };
		2E72F59520F1863400892AF4 /* Info.plist */ = {isa = PBXFileReference; lastKnownFileType = text.plist.xml; path = Info.plist; sourceTree = "<group>"; };
		2E72F5B520F186B700892AF4 /* MNPageViewController.h */ = {isa = PBXFileReference; lastKnownFileType = sourcecode.c.h; path = MNPageViewController.h; sourceTree = "<group>"; };
		2E72F5B620F186B700892AF4 /* MNPageViewController.m */ = {isa = PBXFileReference; lastKnownFileType = sourcecode.c.objc; path = MNPageViewController.m; sourceTree = "<group>"; };
		2E72F5C120F18AEF00892AF4 /* MNPageScrollView.h */ = {isa = PBXFileReference; fileEncoding = 4; lastKnownFileType = sourcecode.c.h; path = MNPageScrollView.h; sourceTree = "<group>"; };
		2E72F5C220F18AEF00892AF4 /* MNPageScrollView.m */ = {isa = PBXFileReference; fileEncoding = 4; lastKnownFileType = sourcecode.c.objc; path = MNPageScrollView.m; sourceTree = "<group>"; };
		2E72F5CD20F1A4D100892AF4 /* ViewController.m */ = {isa = PBXFileReference; fileEncoding = 4; lastKnownFileType = sourcecode.c.objc; path = ViewController.m; sourceTree = "<group>"; };
		2E72F5D020F1A59000892AF4 /* MNNestTableView.h */ = {isa = PBXFileReference; fileEncoding = 4; lastKnownFileType = sourcecode.c.h; path = MNNestTableView.h; sourceTree = "<group>"; };
		2E72F5D120F1A59000892AF4 /* MNNestTableView.m */ = {isa = PBXFileReference; fileEncoding = 4; lastKnownFileType = sourcecode.c.objc; path = MNNestTableView.m; sourceTree = "<group>"; };
		2E72F5D320F1A59A00892AF4 /* MNAllowGestureEventPassTableView.m */ = {isa = PBXFileReference; fileEncoding = 4; lastKnownFileType = sourcecode.c.objc; path = MNAllowGestureEventPassTableView.m; sourceTree = "<group>"; };
		2E72F5D420F1A59A00892AF4 /* MNAllowGestureEventPassTableView.h */ = {isa = PBXFileReference; fileEncoding = 4; lastKnownFileType = sourcecode.c.h; path = MNAllowGestureEventPassTableView.h; sourceTree = "<group>"; };
		2E72F5D720F1A68B00892AF4 /* barbuttonicon_back@2x.png */ = {isa = PBXFileReference; lastKnownFileType = image.png; path = "barbuttonicon_back@2x.png"; sourceTree = "<group>"; };
		2E72F5D920F1B05100892AF4 /* MNBusinessAuditViewController.h */ = {isa = PBXFileReference; lastKnownFileType = sourcecode.c.h; path = MNBusinessAuditViewController.h; sourceTree = "<group>"; };
		2E72F5DA20F1B05100892AF4 /* MNBusinessAuditViewController.m */ = {isa = PBXFileReference; lastKnownFileType = sourcecode.c.objc; path = MNBusinessAuditViewController.m; sourceTree = "<group>"; };
		2E72F5DC20F1B28200892AF4 /* MNSubPageViewController.h */ = {isa = PBXFileReference; lastKnownFileType = sourcecode.c.h; path = MNSubPageViewController.h; sourceTree = "<group>"; };
		2E72F5DD20F1B28200892AF4 /* MNSubPageViewController.m */ = {isa = PBXFileReference; lastKnownFileType = sourcecode.c.objc; path = MNSubPageViewController.m; sourceTree = "<group>"; };
		2E72F5E220F1BA6900892AF4 /* VCTwo.h */ = {isa = PBXFileReference; lastKnownFileType = sourcecode.c.h; path = VCTwo.h; sourceTree = "<group>"; };
		2E72F5E320F1BA6900892AF4 /* VCTwo.m */ = {isa = PBXFileReference; lastKnownFileType = sourcecode.c.objc; path = VCTwo.m; sourceTree = "<group>"; };
		2E72F5E520F1BA9000892AF4 /* VCOne.h */ = {isa = PBXFileReference; lastKnownFileType = sourcecode.c.h; path = VCOne.h; sourceTree = "<group>"; };
		2E72F5E620F1BA9000892AF4 /* VCOne.m */ = {isa = PBXFileReference; lastKnownFileType = sourcecode.c.objc; path = VCOne.m; sourceTree = "<group>"; };
		2E72F5EB20F1BAB900892AF4 /* VCThree.h */ = {isa = PBXFileReference; lastKnownFileType = sourcecode.c.h; path = VCThree.h; sourceTree = "<group>"; };
		2E72F5EC20F1BAB900892AF4 /* VCThree.m */ = {isa = PBXFileReference; lastKnownFileType = sourcecode.c.objc; path = VCThree.m; sourceTree = "<group>"; };
/* End PBXFileReference section */

/* Begin PBXFrameworksBuildPhase section */
		2E72F56920F1863200892AF4 /* Frameworks */ = {
			isa = PBXFrameworksBuildPhase;
			buildActionMask = 2147483647;
			files = (
			);
			runOnlyForDeploymentPostprocessing = 0;
		};
		2E72F58120F1863400892AF4 /* Frameworks */ = {
			isa = PBXFrameworksBuildPhase;
			buildActionMask = 2147483647;
			files = (
			);
			runOnlyForDeploymentPostprocessing = 0;
		};
		2E72F58C20F1863400892AF4 /* Frameworks */ = {
			isa = PBXFrameworksBuildPhase;
			buildActionMask = 2147483647;
			files = (
			);
			runOnlyForDeploymentPostprocessing = 0;
		};
/* End PBXFrameworksBuildPhase section */

/* Begin PBXGroup section */
		2E2D752B20F243EB00484C26 /* MNStepView */ = {
			isa = PBXGroup;
			children = (
				2E2D752C20F243EB00484C26 /* MNStepView.h */,
				2E2D752D20F243EB00484C26 /* MNStepView.m */,
			);
			path = MNStepView;
			sourceTree = "<group>";
		};
		2E618CBB20F1C94C00C9E555 /* MNSegmentView */ = {
			isa = PBXGroup;
			children = (
				2E618CBC20F1C94C00C9E555 /* MNSegmentView.h */,
				2E618CBE20F1C94C00C9E555 /* MNSegmentView.m */,
				2E618CBD20F1C94C00C9E555 /* MNSegmentViewCell.h */,
				2E618CBF20F1C94C00C9E555 /* MNSegmentViewCell.m */,
			);
			path = MNSegmentView;
			sourceTree = "<group>";
		};
		2E618CC820F1F7D100C9E555 /* MNTransparentNavigationBar */ = {
			isa = PBXGroup;
			children = (
				2E618CC920F1F7D100C9E555 /* MNTransparentBarButtonItem.h */,
				2E618CCC20F1F7D100C9E555 /* MNTransparentNavigationBar.h */,
				2E618CCA20F1F7D100C9E555 /* MNTransparentNavigationBar.m */,
				2E618CCB20F1F7D100C9E555 /* MNTransparentBarButtonItem.m */,
			);
			path = MNTransparentNavigationBar;
			sourceTree = "<group>";
		};
		2E72F56320F1863200892AF4 = {
			isa = PBXGroup;
			children = (
				2E72F5A120F1866400892AF4 /* PageSrc */,
				2E72F56E20F1863200892AF4 /* CarTestDemo */,
				2E72F58720F1863400892AF4 /* CarTestDemoTests */,
				2E72F59220F1863400892AF4 /* CarTestDemoUITests */,
				2E72F56D20F1863200892AF4 /* Products */,
			);
			sourceTree = "<group>";
		};
		2E72F56D20F1863200892AF4 /* Products */ = {
			isa = PBXGroup;
			children = (
				2E72F56C20F1863200892AF4 /* CarTestDemo.app */,
				2E72F58420F1863400892AF4 /* CarTestDemoTests.xctest */,
				2E72F58F20F1863400892AF4 /* CarTestDemoUITests.xctest */,
			);
			name = Products;
			sourceTree = "<group>";
		};
		2E72F56E20F1863200892AF4 /* CarTestDemo */ = {
			isa = PBXGroup;
			children = (
				2E72F56F20F1863200892AF4 /* AppDelegate.h */,
				2E72F57020F1863200892AF4 /* AppDelegate.m */,
				2E72F57220F1863200892AF4 /* ViewController.h */,
				2E72F5CD20F1A4D100892AF4 /* ViewController.m */,
				2E72F57520F1863200892AF4 /* Main.storyboard */,
				2E72F57820F1863300892AF4 /* Assets.xcassets */,
				2E72F57A20F1863300892AF4 /* LaunchScreen.storyboard */,
				2E72F57D20F1863300892AF4 /* Info.plist */,
				2E72F57E20F1863400892AF4 /* main.m */,
			);
			path = CarTestDemo;
			sourceTree = "<group>";
		};
		2E72F58720F1863400892AF4 /* CarTestDemoTests */ = {
			isa = PBXGroup;
			children = (
				2E72F58820F1863400892AF4 /* CarTestDemoTests.m */,
				2E72F58A20F1863400892AF4 /* Info.plist */,
			);
			path = CarTestDemoTests;
			sourceTree = "<group>";
		};
		2E72F59220F1863400892AF4 /* CarTestDemoUITests */ = {
			isa = PBXGroup;
			children = (
				2E72F59320F1863400892AF4 /* CarTestDemoUITests.m */,
				2E72F59520F1863400892AF4 /* Info.plist */,
			);
			path = CarTestDemoUITests;
			sourceTree = "<group>";
		};
		2E72F5A120F1866400892AF4 /* PageSrc */ = {
			isa = PBXGroup;
			children = (
				2E72F5D620F1A67F00892AF4 /* images */,
				2E72F5CF20F1A56800892AF4 /* NestTableView */,
				2E618CBB20F1C94C00C9E555 /* MNSegmentView */,
				2E618CC820F1F7D100C9E555 /* MNTransparentNavigationBar */,
				2E2D752B20F243EB00484C26 /* MNStepView */,
				2E72F5C120F18AEF00892AF4 /* MNPageScrollView.h */,
				2E72F5C220F18AEF00892AF4 /* MNPageScrollView.m */,
				2E618CC520F1D6D600C9E555 /* UIViewController+MNPageExtend.h */,
				2E618CC620F1D6D600C9E555 /* UIViewController+MNPageExtend.m */,
				2E72F5B520F186B700892AF4 /* MNPageViewController.h */,
				2E72F5B620F186B700892AF4 /* MNPageViewController.m */,
				2E72F5DC20F1B28200892AF4 /* MNSubPageViewController.h */,
				2E72F5DD20F1B28200892AF4 /* MNSubPageViewController.m */,
				2E72F5D920F1B05100892AF4 /* MNBusinessAuditViewController.h */,
				2E72F5DA20F1B05100892AF4 /* MNBusinessAuditViewController.m */,
				2E72F5E220F1BA6900892AF4 /* VCTwo.h */,
				2E72F5E320F1BA6900892AF4 /* VCTwo.m */,
				2E72F5E520F1BA9000892AF4 /* VCOne.h */,
				2E72F5E620F1BA9000892AF4 /* VCOne.m */,
				2E72F5EB20F1BAB900892AF4 /* VCThree.h */,
				2E72F5EC20F1BAB900892AF4 /* VCThree.m */,
			);
			path = PageSrc;
			sourceTree = "<group>";
		};
		2E72F5CF20F1A56800892AF4 /* NestTableView */ = {
			isa = PBXGroup;
			children = (
				2E72F5D020F1A59000892AF4 /* MNNestTableView.h */,
				2E72F5D120F1A59000892AF4 /* MNNestTableView.m */,
				2E72F5D420F1A59A00892AF4 /* MNAllowGestureEventPassTableView.h */,
				2E72F5D320F1A59A00892AF4 /* MNAllowGestureEventPassTableView.m */,
				2E618CB820F1C7A900C9E555 /* MNPageView.h */,
				2E618CB920F1C7AA00C9E555 /* MNPageView.m */,
				2E618CC220F1CEFA00C9E555 /* UIScrollView+MNPageExtend.h */,
				2E618CC320F1CEFA00C9E555 /* UIScrollView+MNPageExtend.m */,
			);
			path = NestTableView;
			sourceTree = "<group>";
		};
		2E72F5D620F1A67F00892AF4 /* images */ = {
			isa = PBXGroup;
			children = (
				2E72F5D720F1A68B00892AF4 /* barbuttonicon_back@2x.png */,
			);
			path = images;
			sourceTree = "<group>";
		};
/* End PBXGroup section */

/* Begin PBXNativeTarget section */
		2E72F56B20F1863200892AF4 /* CarTestDemo */ = {
			isa = PBXNativeTarget;
			buildConfigurationList = 2E72F59820F1863400892AF4 /* Build configuration list for PBXNativeTarget "CarTestDemo" */;
			buildPhases = (
				2E72F56820F1863200892AF4 /* Sources */,
				2E72F56920F1863200892AF4 /* Frameworks */,
				2E72F56A20F1863200892AF4 /* Resources */,
			);
			buildRules = (
			);
			dependencies = (
			);
			name = CarTestDemo;
			productName = CarTestDemo;
			productReference = 2E72F56C20F1863200892AF4 /* CarTestDemo.app */;
			productType = "com.apple.product-type.application";
		};
		2E72F58320F1863400892AF4 /* CarTestDemoTests */ = {
			isa = PBXNativeTarget;
			buildConfigurationList = 2E72F59B20F1863400892AF4 /* Build configuration list for PBXNativeTarget "CarTestDemoTests" */;
			buildPhases = (
				2E72F58020F1863400892AF4 /* Sources */,
				2E72F58120F1863400892AF4 /* Frameworks */,
				2E72F58220F1863400892AF4 /* Resources */,
			);
			buildRules = (
			);
			dependencies = (
				2E72F58620F1863400892AF4 /* PBXTargetDependency */,
			);
			name = CarTestDemoTests;
			productName = CarTestDemoTests;
			productReference = 2E72F58420F1863400892AF4 /* CarTestDemoTests.xctest */;
			productType = "com.apple.product-type.bundle.unit-test";
		};
		2E72F58E20F1863400892AF4 /* CarTestDemoUITests */ = {
			isa = PBXNativeTarget;
			buildConfigurationList = 2E72F59E20F1863400892AF4 /* Build configuration list for PBXNativeTarget "CarTestDemoUITests" */;
			buildPhases = (
				2E72F58B20F1863400892AF4 /* Sources */,
				2E72F58C20F1863400892AF4 /* Frameworks */,
				2E72F58D20F1863400892AF4 /* Resources */,
			);
			buildRules = (
			);
			dependencies = (
				2E72F59120F1863400892AF4 /* PBXTargetDependency */,
			);
			name = CarTestDemoUITests;
			productName = CarTestDemoUITests;
			productReference = 2E72F58F20F1863400892AF4 /* CarTestDemoUITests.xctest */;
			productType = "com.apple.product-type.bundle.ui-testing";
		};
/* End PBXNativeTarget section */

/* Begin PBXProject section */
		2E72F56420F1863200892AF4 /* Project object */ = {
			isa = PBXProject;
			attributes = {
				LastUpgradeCheck = 0940;
				ORGANIZATIONNAME = AllanCai;
				TargetAttributes = {
					2E72F56B20F1863200892AF4 = {
						CreatedOnToolsVersion = 9.4;
					};
					2E72F58320F1863400892AF4 = {
						CreatedOnToolsVersion = 9.4;
						TestTargetID = 2E72F56B20F1863200892AF4;
					};
					2E72F58E20F1863400892AF4 = {
						CreatedOnToolsVersion = 9.4;
						TestTargetID = 2E72F56B20F1863200892AF4;
					};
				};
			};
			buildConfigurationList = 2E72F56720F1863200892AF4 /* Build configuration list for PBXProject "CarTestDemo" */;
			compatibilityVersion = "Xcode 9.3";
			developmentRegion = en;
			hasScannedForEncodings = 0;
			knownRegions = (
				en,
				Base,
			);
			mainGroup = 2E72F56320F1863200892AF4;
			productRefGroup = 2E72F56D20F1863200892AF4 /* Products */;
			projectDirPath = "";
			projectRoot = "";
			targets = (
				2E72F56B20F1863200892AF4 /* CarTestDemo */,
				2E72F58320F1863400892AF4 /* CarTestDemoTests */,
				2E72F58E20F1863400892AF4 /* CarTestDemoUITests */,
			);
		};
/* End PBXProject section */

/* Begin PBXResourcesBuildPhase section */
		2E72F56A20F1863200892AF4 /* Resources */ = {
			isa = PBXResourcesBuildPhase;
			buildActionMask = 2147483647;
			files = (
				2E72F5D820F1A68B00892AF4 /* barbuttonicon_back@2x.png in Resources */,
				2E72F57C20F1863300892AF4 /* LaunchScreen.storyboard in Resources */,
				2E72F57920F1863300892AF4 /* Assets.xcassets in Resources */,
				2E72F57720F1863200892AF4 /* Main.storyboard in Resources */,
			);
			runOnlyForDeploymentPostprocessing = 0;
		};
		2E72F58220F1863400892AF4 /* Resources */ = {
			isa = PBXResourcesBuildPhase;
			buildActionMask = 2147483647;
			files = (
			);
			runOnlyForDeploymentPostprocessing = 0;
		};
		2E72F58D20F1863400892AF4 /* Resources */ = {
			isa = PBXResourcesBuildPhase;
			buildActionMask = 2147483647;
			files = (
			);
			runOnlyForDeploymentPostprocessing = 0;
		};
/* End PBXResourcesBuildPhase section */

/* Begin PBXSourcesBuildPhase section */
		2E72F56820F1863200892AF4 /* Sources */ = {
			isa = PBXSourcesBuildPhase;
			buildActionMask = 2147483647;
			files = (
				2E72F5E420F1BA6900892AF4 /* VCTwo.m in Sources */,
				2E72F5CE20F1A4D100892AF4 /* ViewController.m in Sources */,
				2E72F5DB20F1B05100892AF4 /* MNBusinessAuditViewController.m in Sources */,
				2E72F57F20F1863400892AF4 /* main.m in Sources */,
				2E72F5DE20F1B28200892AF4 /* MNSubPageViewController.m in Sources */,
				2E618CCD20F1F7D200C9E555 /* MNTransparentNavigationBar.m in Sources */,
				2E618CBA20F1C7AA00C9E555 /* MNPageView.m in Sources */,
				2E72F5D520F1A59A00892AF4 /* MNAllowGestureEventPassTableView.m in Sources */,
				2E72F5B720F186B700892AF4 /* MNPageViewController.m in Sources */,
				2E72F5C320F18AEF00892AF4 /* MNPageScrollView.m in Sources */,
				2E618CC420F1CEFA00C9E555 /* UIScrollView+MNPageExtend.m in Sources */,
				2E618CC720F1D6D600C9E555 /* UIViewController+MNPageExtend.m in Sources */,
				2E2D752E20F243EB00484C26 /* MNStepView.m in Sources */,
				2E618CCE20F1F7D200C9E555 /* MNTransparentBarButtonItem.m in Sources */,
				2E618CC020F1C94C00C9E555 /* MNSegmentView.m in Sources */,
				2E72F57120F1863200892AF4 /* AppDelegate.m in Sources */,
				2E72F5ED20F1BAB900892AF4 /* VCThree.m in Sources */,
				2E72F5E720F1BA9000892AF4 /* VCOne.m in Sources */,
				2E72F5D220F1A59000892AF4 /* MNNestTableView.m in Sources */,
				2E618CC120F1C94C00C9E555 /* MNSegmentViewCell.m in Sources */,
			);
			runOnlyForDeploymentPostprocessing = 0;
		};
		2E72F58020F1863400892AF4 /* Sources */ = {
			isa = PBXSourcesBuildPhase;
			buildActionMask = 2147483647;
			files = (
				2E72F58920F1863400892AF4 /* CarTestDemoTests.m in Sources */,
			);
			runOnlyForDeploymentPostprocessing = 0;
		};
		2E72F58B20F1863400892AF4 /* Sources */ = {
			isa = PBXSourcesBuildPhase;
			buildActionMask = 2147483647;
			files = (
				2E72F59420F1863400892AF4 /* CarTestDemoUITests.m in Sources */,
			);
			runOnlyForDeploymentPostprocessing = 0;
		};
/* End PBXSourcesBuildPhase section */

/* Begin PBXTargetDependency section */
		2E72F58620F1863400892AF4 /* PBXTargetDependency */ = {
			isa = PBXTargetDependency;
			target = 2E72F56B20F1863200892AF4 /* CarTestDemo */;
			targetProxy = 2E72F58520F1863400892AF4 /* PBXContainerItemProxy */;
		};
		2E72F59120F1863400892AF4 /* PBXTargetDependency */ = {
			isa = PBXTargetDependency;
			target = 2E72F56B20F1863200892AF4 /* CarTestDemo */;
			targetProxy = 2E72F59020F1863400892AF4 /* PBXContainerItemProxy */;
		};
/* End PBXTargetDependency section */

/* Begin PBXVariantGroup section */
		2E72F57520F1863200892AF4 /* Main.storyboard */ = {
			isa = PBXVariantGroup;
			children = (
				2E72F57620F1863200892AF4 /* Base */,
			);
			name = Main.storyboard;
			sourceTree = "<group>";
		};
		2E72F57A20F1863300892AF4 /* LaunchScreen.storyboard */ = {
			isa = PBXVariantGroup;
			children = (
				2E72F57B20F1863300892AF4 /* Base */,
			);
			name = LaunchScreen.storyboard;
			sourceTree = "<group>";
		};
/* End PBXVariantGroup section */

/* Begin XCBuildConfiguration section */
		2E72F59620F1863400892AF4 /* Debug */ = {
			isa = XCBuildConfiguration;
			buildSettings = {
				ALWAYS_SEARCH_USER_PATHS = NO;
				CLANG_ANALYZER_NONNULL = YES;
				CLANG_ANALYZER_NUMBER_OBJECT_CONVERSION = YES_AGGRESSIVE;
				CLANG_CXX_LANGUAGE_STANDARD = "gnu++14";
				CLANG_CXX_LIBRARY = "libc++";
				CLANG_ENABLE_MODULES = YES;
				CLANG_ENABLE_OBJC_ARC = YES;
				CLANG_ENABLE_OBJC_WEAK = YES;
				CLANG_WARN_BLOCK_CAPTURE_AUTORELEASING = YES;
				CLANG_WARN_BOOL_CONVERSION = YES;
				CLANG_WARN_COMMA = YES;
				CLANG_WARN_CONSTANT_CONVERSION = YES;
				CLANG_WARN_DEPRECATED_OBJC_IMPLEMENTATIONS = YES;
				CLANG_WARN_DIRECT_OBJC_ISA_USAGE = YES_ERROR;
				CLANG_WARN_DOCUMENTATION_COMMENTS = YES;
				CLANG_WARN_EMPTY_BODY = YES;
				CLANG_WARN_ENUM_CONVERSION = YES;
				CLANG_WARN_INFINITE_RECURSION = YES;
				CLANG_WARN_INT_CONVERSION = YES;
				CLANG_WARN_NON_LITERAL_NULL_CONVERSION = YES;
				CLANG_WARN_OBJC_IMPLICIT_RETAIN_SELF = YES;
				CLANG_WARN_OBJC_LITERAL_CONVERSION = YES;
				CLANG_WARN_OBJC_ROOT_CLASS = YES_ERROR;
				CLANG_WARN_RANGE_LOOP_ANALYSIS = YES;
				CLANG_WARN_STRICT_PROTOTYPES = YES;
				CLANG_WARN_SUSPICIOUS_MOVE = YES;
				CLANG_WARN_UNGUARDED_AVAILABILITY = YES_AGGRESSIVE;
				CLANG_WARN_UNREACHABLE_CODE = YES;
				CLANG_WARN__DUPLICATE_METHOD_MATCH = YES;
				CODE_SIGN_IDENTITY = "iPhone Developer";
				COPY_PHASE_STRIP = NO;
				DEBUG_INFORMATION_FORMAT = dwarf;
				ENABLE_STRICT_OBJC_MSGSEND = YES;
				ENABLE_TESTABILITY = YES;
				GCC_C_LANGUAGE_STANDARD = gnu11;
				GCC_DYNAMIC_NO_PIC = NO;
				GCC_NO_COMMON_BLOCKS = YES;
				GCC_OPTIMIZATION_LEVEL = 0;
				GCC_PREPROCESSOR_DEFINITIONS = (
					"DEBUG=1",
					"$(inherited)",
				);
				GCC_WARN_64_TO_32_BIT_CONVERSION = YES;
				GCC_WARN_ABOUT_RETURN_TYPE = YES_ERROR;
				GCC_WARN_UNDECLARED_SELECTOR = YES;
				GCC_WARN_UNINITIALIZED_AUTOS = YES_AGGRESSIVE;
				GCC_WARN_UNUSED_FUNCTION = YES;
				GCC_WARN_UNUSED_VARIABLE = YES;
				IPHONEOS_DEPLOYMENT_TARGET = 11.4;
				MTL_ENABLE_DEBUG_INFO = YES;
				ONLY_ACTIVE_ARCH = YES;
				SDKROOT = iphoneos;
			};
			name = Debug;
		};
		2E72F59720F1863400892AF4 /* Release */ = {
			isa = XCBuildConfiguration;
			buildSettings = {
				ALWAYS_SEARCH_USER_PATHS = NO;
				CLANG_ANALYZER_NONNULL = YES;
				CLANG_ANALYZER_NUMBER_OBJECT_CONVERSION = YES_AGGRESSIVE;
				CLANG_CXX_LANGUAGE_STANDARD = "gnu++14";
				CLANG_CXX_LIBRARY = "libc++";
				CLANG_ENABLE_MODULES = YES;
				CLANG_ENABLE_OBJC_ARC = YES;
				CLANG_ENABLE_OBJC_WEAK = YES;
				CLANG_WARN_BLOCK_CAPTURE_AUTORELEASING = YES;
				CLANG_WARN_BOOL_CONVERSION = YES;
				CLANG_WARN_COMMA = YES;
				CLANG_WARN_CONSTANT_CONVERSION = YES;
				CLANG_WARN_DEPRECATED_OBJC_IMPLEMENTATIONS = YES;
				CLANG_WARN_DIRECT_OBJC_ISA_USAGE = YES_ERROR;
				CLANG_WARN_DOCUMENTATION_COMMENTS = YES;
				CLANG_WARN_EMPTY_BODY = YES;
				CLANG_WARN_ENUM_CONVERSION = YES;
				CLANG_WARN_INFINITE_RECURSION = YES;
				CLANG_WARN_INT_CONVERSION = YES;
				CLANG_WARN_NON_LITERAL_NULL_CONVERSION = YES;
				CLANG_WARN_OBJC_IMPLICIT_RETAIN_SELF = YES;
				CLANG_WARN_OBJC_LITERAL_CONVERSION = YES;
				CLANG_WARN_OBJC_ROOT_CLASS = YES_ERROR;
				CLANG_WARN_RANGE_LOOP_ANALYSIS = YES;
				CLANG_WARN_STRICT_PROTOTYPES = YES;
				CLANG_WARN_SUSPICIOUS_MOVE = YES;
				CLANG_WARN_UNGUARDED_AVAILABILITY = YES_AGGRESSIVE;
				CLANG_WARN_UNREACHABLE_CODE = YES;
				CLANG_WARN__DUPLICATE_METHOD_MATCH = YES;
				CODE_SIGN_IDENTITY = "iPhone Developer";
				COPY_PHASE_STRIP = NO;
				DEBUG_INFORMATION_FORMAT = "dwarf-with-dsym";
				ENABLE_NS_ASSERTIONS = NO;
				ENABLE_STRICT_OBJC_MSGSEND = YES;
				GCC_C_LANGUAGE_STANDARD = gnu11;
				GCC_NO_COMMON_BLOCKS = YES;
				GCC_WARN_64_TO_32_BIT_CONVERSION = YES;
				GCC_WARN_ABOUT_RETURN_TYPE = YES_ERROR;
				GCC_WARN_UNDECLARED_SELECTOR = YES;
				GCC_WARN_UNINITIALIZED_AUTOS = YES_AGGRESSIVE;
				GCC_WARN_UNUSED_FUNCTION = YES;
				GCC_WARN_UNUSED_VARIABLE = YES;
				IPHONEOS_DEPLOYMENT_TARGET = 11.4;
				MTL_ENABLE_DEBUG_INFO = NO;
				SDKROOT = iphoneos;
				VALIDATE_PRODUCT = YES;
			};
			name = Release;
		};
		2E72F59920F1863400892AF4 /* Debug */ = {
			isa = XCBuildConfiguration;
			buildSettings = {
				ASSETCATALOG_COMPILER_APPICON_NAME = AppIcon;
				CODE_SIGN_STYLE = Automatic;
				DEVELOPMENT_TEAM = AK6L268EXT;
				INFOPLIST_FILE = CarTestDemo/Info.plist;
				LD_RUNPATH_SEARCH_PATHS = (
					"$(inherited)",
					"@executable_path/Frameworks",
				);
				PRODUCT_BUNDLE_IDENTIFIER = com.mljr.Test6;
				PRODUCT_NAME = "$(TARGET_NAME)";
				TARGETED_DEVICE_FAMILY = "1,2";
			};
			name = Debug;
		};
		2E72F59A20F1863400892AF4 /* Release */ = {
			isa = XCBuildConfiguration;
			buildSettings = {
				ASSETCATALOG_COMPILER_APPICON_NAME = AppIcon;
				CODE_SIGN_STYLE = Automatic;
				DEVELOPMENT_TEAM = AK6L268EXT;
				INFOPLIST_FILE = CarTestDemo/Info.plist;
				LD_RUNPATH_SEARCH_PATHS = (
					"$(inherited)",
					"@executable_path/Frameworks",
				);
				PRODUCT_BUNDLE_IDENTIFIER = com.mljr.Test6;
				PRODUCT_NAME = "$(TARGET_NAME)";
				TARGETED_DEVICE_FAMILY = "1,2";
			};
			name = Release;
		};
		2E72F59C20F1863400892AF4 /* Debug */ = {
			isa = XCBuildConfiguration;
			buildSettings = {
				BUNDLE_LOADER = "$(TEST_HOST)";
				CODE_SIGN_STYLE = Automatic;
				INFOPLIST_FILE = CarTestDemoTests/Info.plist;
				LD_RUNPATH_SEARCH_PATHS = (
					"$(inherited)",
					"@executable_path/Frameworks",
					"@loader_path/Frameworks",
				);
				PRODUCT_BUNDLE_IDENTIFIER = com.mljr.CarTestDemoTests;
				PRODUCT_NAME = "$(TARGET_NAME)";
				TARGETED_DEVICE_FAMILY = "1,2";
				TEST_HOST = "$(BUILT_PRODUCTS_DIR)/CarTestDemo.app/CarTestDemo";
			};
			name = Debug;
		};
		2E72F59D20F1863400892AF4 /* Release */ = {
			isa = XCBuildConfiguration;
			buildSettings = {
				BUNDLE_LOADER = "$(TEST_HOST)";
				CODE_SIGN_STYLE = Automatic;
				INFOPLIST_FILE = CarTestDemoTests/Info.plist;
				LD_RUNPATH_SEARCH_PATHS = (
					"$(inherited)",
					"@executable_path/Frameworks",
					"@loader_path/Frameworks",
				);
				PRODUCT_BUNDLE_IDENTIFIER = com.mljr.CarTestDemoTests;
				PRODUCT_NAME = "$(TARGET_NAME)";
				TARGETED_DEVICE_FAMILY = "1,2";
				TEST_HOST = "$(BUILT_PRODUCTS_DIR)/CarTestDemo.app/CarTestDemo";
			};
			name = Release;
		};
		2E72F59F20F1863400892AF4 /* Debug */ = {
			isa = XCBuildConfiguration;
			buildSettings = {
				CODE_SIGN_STYLE = Automatic;
				INFOPLIST_FILE = CarTestDemoUITests/Info.plist;
				LD_RUNPATH_SEARCH_PATHS = (
					"$(inherited)",
					"@executable_path/Frameworks",
					"@loader_path/Frameworks",
				);
				PRODUCT_BUNDLE_IDENTIFIER = com.mljr.CarTestDemoUITests;
				PRODUCT_NAME = "$(TARGET_NAME)";
				TARGETED_DEVICE_FAMILY = "1,2";
				TEST_TARGET_NAME = CarTestDemo;
			};
			name = Debug;
		};
		2E72F5A020F1863400892AF4 /* Release */ = {
			isa = XCBuildConfiguration;
			buildSettings = {
				CODE_SIGN_STYLE = Automatic;
				INFOPLIST_FILE = CarTestDemoUITests/Info.plist;
				LD_RUNPATH_SEARCH_PATHS = (
					"$(inherited)",
					"@executable_path/Frameworks",
					"@loader_path/Frameworks",
				);
				PRODUCT_BUNDLE_IDENTIFIER = com.mljr.CarTestDemoUITests;
				PRODUCT_NAME = "$(TARGET_NAME)";
				TARGETED_DEVICE_FAMILY = "1,2";
				TEST_TARGET_NAME = CarTestDemo;
			};
			name = Release;
		};
/* End XCBuildConfiguration section */

/* Begin XCConfigurationList section */
		2E72F56720F1863200892AF4 /* Build configuration list for PBXProject "CarTestDemo" */ = {
			isa = XCConfigurationList;
			buildConfigurations = (
				2E72F59620F1863400892AF4 /* Debug */,
				2E72F59720F1863400892AF4 /* Release */,
			);
			defaultConfigurationIsVisible = 0;
			defaultConfigurationName = Release;
		};
		2E72F59820F1863400892AF4 /* Build configuration list for PBXNativeTarget "CarTestDemo" */ = {
			isa = XCConfigurationList;
			buildConfigurations = (
				2E72F59920F1863400892AF4 /* Debug */,
				2E72F59A20F1863400892AF4 /* Release */,
			);
			defaultConfigurationIsVisible = 0;
			defaultConfigurationName = Release;
		};
		2E72F59B20F1863400892AF4 /* Build configuration list for PBXNativeTarget "CarTestDemoTests" */ = {
			isa = XCConfigurationList;
			buildConfigurations = (
				2E72F59C20F1863400892AF4 /* Debug */,
				2E72F59D20F1863400892AF4 /* Release */,
			);
			defaultConfigurationIsVisible = 0;
			defaultConfigurationName = Release;
		};
		2E72F59E20F1863400892AF4 /* Build configuration list for PBXNativeTarget "CarTestDemoUITests" */ = {
			isa = XCConfigurationList;
			buildConfigurations = (
				2E72F59F20F1863400892AF4 /* Debug */,
				2E72F5A020F1863400892AF4 /* Release */,
			);
			defaultConfigurationIsVisible = 0;
			defaultConfigurationName = Release;
		};
/* End XCConfigurationList section */
	};
	rootObject = 2E72F56420F1863200892AF4 /* Project object */;
}
